PODS:
  - ExtensibleEnumeratedName (1.0.1)
  - WolfColor (1.0):
    - ExtensibleEnumeratedName
    - WolfNumerics
    - WolfPipe
    - WolfStrings
  - WolfFoundation (1.0):
    - WolfNumerics
    - WolfPipe
    - WolfStrings
  - WolfGeometry (1.0):
    - ExtensibleEnumeratedName
    - WolfFoundation
    - WolfNumerics
    - WolfStrings
  - WolfImage (1.0):
    - ExtensibleEnumeratedName
    - WolfColor
    - WolfFoundation
    - WolfGeometry
    - WolfNumerics
    - WolfPipe
    - WolfStrings
  - WolfNumerics (1.0.1)
  - WolfPipe (1.0.1)
  - WolfStrings (1.0.1):
    - ExtensibleEnumeratedName
    - WolfNumerics
    - WolfPipe

DEPENDENCIES:
  - WolfImage (from `../`)

SPEC REPOS:
  https://github.com/cocoapods/specs.git:
    - ExtensibleEnumeratedName
    - WolfColor
    - WolfFoundation
    - WolfGeometry
    - WolfNumerics
    - WolfPipe
    - WolfStrings

EXTERNAL SOURCES:
  WolfImage:
    :path: "../"

SPEC CHECKSUMS:
  ExtensibleEnumeratedName: 70c35288c7e34eff64b4b1da8b0c6e993013738b
  WolfColor: 7c3d1783be76e913f5a5202f354617e0c64bce43
  WolfFoundation: 90959f037de362da543adfdbe347f79c28e7f0db
  WolfGeometry: ea6c54d93303363f61930d762617ff197a0c96aa
  WolfImage: 2b75408cb5cd7659a82fdfddfa559ec5d99addd4
  WolfNumerics: 47d911caaf5350fc838b638ca47a5427b676d275
  WolfPipe: 7ddf803ae6bc9d42d34120bcce43d25940e3c791
  WolfStrings: 0691ee5c7aae7c040a6552ca97ddfa510ecccf88

PODFILE CHECKSUM: b50e0c07ebf84bf6f06ddb4d2cf5fbd96b2e7da2

COCOAPODS: 1.6.0.beta.1
