PODS:
  - ExtensibleEnumeratedName (2.0)
  - WolfColor (4.0.0):
    - WolfFoundation
    - WolfNumerics
    - WolfOSBridge
    - WolfPipe
  - WolfFoundation (3.0.0):
    - WolfNumerics
    - WolfPipe
  - WolfGeometry (4.0.0):
    - ExtensibleEnumeratedName
    - WolfFoundation
    - WolfNumerics
    - WolfStrings
  - WolfImage (4.0.0):
    - WolfColor
    - WolfFoundation
    - WolfGeometry
    - WolfNumerics
    - WolfOSBridge
    - WolfPipe
  - WolfNumerics (4.0)
  - WolfOSBridge (2.0.0)
  - WolfPipe (2.0.0)
  - WolfStrings (2.0.0):
    - ExtensibleEnumeratedName
    - WolfNumerics
    - WolfOSBridge
    - WolfPipe
    - WolfWith
  - WolfWith (2.0.1)

DEPENDENCIES:
  - WolfImage (from `../`)

SPEC REPOS:
  https://github.com/cocoapods/specs.git:
    - ExtensibleEnumeratedName
    - WolfColor
    - WolfFoundation
    - WolfGeometry
    - WolfNumerics
    - WolfOSBridge
    - WolfPipe
    - WolfStrings
    - WolfWith

EXTERNAL SOURCES:
  WolfImage:
    :path: "../"

SPEC CHECKSUMS:
  ExtensibleEnumeratedName: 50f2d256f6d56baecf681f6fbb6362343dcf885b
  WolfColor: d002da00b08a511c364baf7c1c7539878f09ef31
  WolfFoundation: df7514e9faf208f591f02cb156ddb537e2a14958
  WolfGeometry: 5746cc882f3f407d9d7c948d3cd1020e828c3c03
  WolfImage: 2b95775e99186b8386a91a56747d470f85dc932e
  WolfNumerics: 6a57756b668073414da8a6911b86781096aded37
  WolfOSBridge: e9260681790a7c89f725e134c0c1d4172d2d2dc9
  WolfPipe: 18ffb77a188263392893a62630defc2a5b92b4f3
  WolfStrings: edc63c08fbd1149ccbf5eca5020b13465084513b
  WolfWith: 2320a88a03a943df9ff1284c9cca10f86cb73c60

PODFILE CHECKSUM: b50e0c07ebf84bf6f06ddb4d2cf5fbd96b2e7da2

COCOAPODS: 1.7.0.beta.2
